
Microsoft Visual Studio Solution File, Format Version 12.00
# Visual Studio Version 17
VisualStudioVersion = 17.12.35527.113
MinimumVisualStudioVersion = 10.0.40219.1
Project("{8BC9CEB8-8B4A-11D0-8D11-00A0C91BC942}") = "UserDataType", "UserDataType\UserDataType.vcxproj", "{32F2E6CB-76C4-4730-89A6-5F93A21B9C8D}"
EndProject
Project("{8BC9CEB8-8B4A-11D0-8D11-00A0C91BC942}") = "DataTypes", "DataTypes\DataTypes.vcxproj", "{F0E7FE29-341A-4FE9-B774-8BB7E1BA2C3D}"
EndProject
Project("{8BC9CEB8-8B4A-11D0-8D11-00A0C91BC942}") = "PhotoDataTypes", "PhotoDataTypes\PhotoDataTypes.vcxproj", "{D530C435-5469-46FD-9CB0-831A083371F1}"
EndProject
Global
	GlobalSection(SolutionConfigurationPlatforms) = preSolution
		Debug|ARM = Debug|ARM
		Debug|ARM64 = Debug|ARM64
		Debug|x64 = Debug|x64
		Debug|x86 = Debug|x86
		Release|ARM = Release|ARM
		Release|ARM64 = Release|ARM64
		Release|x64 = Release|x64
		Release|x86 = Release|x86
	EndGlobalSection
	GlobalSection(ProjectConfigurationPlatforms) = postSolution
		{32F2E6CB-76C4-4730-89A6-5F93A21B9C8D}.Debug|ARM.ActiveCfg = Debug|ARM
		{32F2E6CB-76C4-4730-89A6-5F93A21B9C8D}.Debug|ARM.Build.0 = Debug|ARM
		{32F2E6CB-76C4-4730-89A6-5F93A21B9C8D}.Debug|ARM.Deploy.0 = Debug|ARM
		{32F2E6CB-76C4-4730-89A6-5F93A21B9C8D}.Debug|ARM64.ActiveCfg = Debug|ARM64
		{32F2E6CB-76C4-4730-89A6-5F93A21B9C8D}.Debug|ARM64.Build.0 = Debug|ARM64
		{32F2E6CB-76C4-4730-89A6-5F93A21B9C8D}.Debug|ARM64.Deploy.0 = Debug|ARM64
		{32F2E6CB-76C4-4730-89A6-5F93A21B9C8D}.Debug|x64.ActiveCfg = Debug|x64
		{32F2E6CB-76C4-4730-89A6-5F93A21B9C8D}.Debug|x64.Build.0 = Debug|x64
		{32F2E6CB-76C4-4730-89A6-5F93A21B9C8D}.Debug|x64.Deploy.0 = Debug|x64
		{32F2E6CB-76C4-4730-89A6-5F93A21B9C8D}.Debug|x86.ActiveCfg = Debug|Win32
		{32F2E6CB-76C4-4730-89A6-5F93A21B9C8D}.Debug|x86.Build.0 = Debug|Win32
		{32F2E6CB-76C4-4730-89A6-5F93A21B9C8D}.Debug|x86.Deploy.0 = Debug|Win32
		{32F2E6CB-76C4-4730-89A6-5F93A21B9C8D}.Release|ARM.ActiveCfg = Release|ARM
		{32F2E6CB-76C4-4730-89A6-5F93A21B9C8D}.Release|ARM.Build.0 = Release|ARM
		{32F2E6CB-76C4-4730-89A6-5F93A21B9C8D}.Release|ARM.Deploy.0 = Release|ARM
		{32F2E6CB-76C4-4730-89A6-5F93A21B9C8D}.Release|ARM64.ActiveCfg = Release|ARM64
		{32F2E6CB-76C4-4730-89A6-5F93A21B9C8D}.Release|ARM64.Build.0 = Release|ARM64
		{32F2E6CB-76C4-4730-89A6-5F93A21B9C8D}.Release|ARM64.Deploy.0 = Release|ARM64
		{32F2E6CB-76C4-4730-89A6-5F93A21B9C8D}.Release|x64.ActiveCfg = Release|x64
		{32F2E6CB-76C4-4730-89A6-5F93A21B9C8D}.Release|x64.Build.0 = Release|x64
		{32F2E6CB-76C4-4730-89A6-5F93A21B9C8D}.Release|x64.Deploy.0 = Release|x64
		{32F2E6CB-76C4-4730-89A6-5F93A21B9C8D}.Release|x86.ActiveCfg = Release|Win32
		{32F2E6CB-76C4-4730-89A6-5F93A21B9C8D}.Release|x86.Build.0 = Release|Win32
		{32F2E6CB-76C4-4730-89A6-5F93A21B9C8D}.Release|x86.Deploy.0 = Release|Win32
		{F0E7FE29-341A-4FE9-B774-8BB7E1BA2C3D}.Debug|ARM.ActiveCfg = Debug|x64
		{F0E7FE29-341A-4FE9-B774-8BB7E1BA2C3D}.Debug|ARM.Build.0 = Debug|x64
		{F0E7FE29-341A-4FE9-B774-8BB7E1BA2C3D}.Debug|ARM64.ActiveCfg = Debug|x64
		{F0E7FE29-341A-4FE9-B774-8BB7E1BA2C3D}.Debug|ARM64.Build.0 = Debug|x64
		{F0E7FE29-341A-4FE9-B774-8BB7E1BA2C3D}.Debug|x64.ActiveCfg = Debug|x64
		{F0E7FE29-341A-4FE9-B774-8BB7E1BA2C3D}.Debug|x64.Build.0 = Debug|x64
		{F0E7FE29-341A-4FE9-B774-8BB7E1BA2C3D}.Debug|x86.ActiveCfg = Debug|Win32
		{F0E7FE29-341A-4FE9-B774-8BB7E1BA2C3D}.Debug|x86.Build.0 = Debug|Win32
		{F0E7FE29-341A-4FE9-B774-8BB7E1BA2C3D}.Release|ARM.ActiveCfg = Release|x64
		{F0E7FE29-341A-4FE9-B774-8BB7E1BA2C3D}.Release|ARM.Build.0 = Release|x64
		{F0E7FE29-341A-4FE9-B774-8BB7E1BA2C3D}.Release|ARM64.ActiveCfg = Release|x64
		{F0E7FE29-341A-4FE9-B774-8BB7E1BA2C3D}.Release|ARM64.Build.0 = Release|x64
		{F0E7FE29-341A-4FE9-B774-8BB7E1BA2C3D}.Release|x64.ActiveCfg = Release|x64
		{F0E7FE29-341A-4FE9-B774-8BB7E1BA2C3D}.Release|x64.Build.0 = Release|x64
		{F0E7FE29-341A-4FE9-B774-8BB7E1BA2C3D}.Release|x86.ActiveCfg = Release|Win32
		{F0E7FE29-341A-4FE9-B774-8BB7E1BA2C3D}.Release|x86.Build.0 = Release|Win32
		{D530C435-5469-46FD-9CB0-831A083371F1}.Debug|ARM.ActiveCfg = Debug|ARM
		{D530C435-5469-46FD-9CB0-831A083371F1}.Debug|ARM.Build.0 = Debug|ARM
		{D530C435-5469-46FD-9CB0-831A083371F1}.Debug|ARM.Deploy.0 = Debug|ARM
		{D530C435-5469-46FD-9CB0-831A083371F1}.Debug|ARM64.ActiveCfg = Debug|ARM64
		{D530C435-5469-46FD-9CB0-831A083371F1}.Debug|ARM64.Build.0 = Debug|ARM64
		{D530C435-5469-46FD-9CB0-831A083371F1}.Debug|ARM64.Deploy.0 = Debug|ARM64
		{D530C435-5469-46FD-9CB0-831A083371F1}.Debug|x64.ActiveCfg = Debug|x64
		{D530C435-5469-46FD-9CB0-831A083371F1}.Debug|x64.Build.0 = Debug|x64
		{D530C435-5469-46FD-9CB0-831A083371F1}.Debug|x64.Deploy.0 = Debug|x64
		{D530C435-5469-46FD-9CB0-831A083371F1}.Debug|x86.ActiveCfg = Debug|Win32
		{D530C435-5469-46FD-9CB0-831A083371F1}.Debug|x86.Build.0 = Debug|Win32
		{D530C435-5469-46FD-9CB0-831A083371F1}.Debug|x86.Deploy.0 = Debug|Win32
		{D530C435-5469-46FD-9CB0-831A083371F1}.Release|ARM.ActiveCfg = Release|ARM
		{D530C435-5469-46FD-9CB0-831A083371F1}.Release|ARM.Build.0 = Release|ARM
		{D530C435-5469-46FD-9CB0-831A083371F1}.Release|ARM.Deploy.0 = Release|ARM
		{D530C435-5469-46FD-9CB0-831A083371F1}.Release|ARM64.ActiveCfg = Release|ARM64
		{D530C435-5469-46FD-9CB0-831A083371F1}.Release|ARM64.Build.0 = Release|ARM64
		{D530C435-5469-46FD-9CB0-831A083371F1}.Release|ARM64.Deploy.0 = Release|ARM64
		{D530C435-5469-46FD-9CB0-831A083371F1}.Release|x64.ActiveCfg = Release|x64
		{D530C435-5469-46FD-9CB0-831A083371F1}.Release|x64.Build.0 = Release|x64
		{D530C435-5469-46FD-9CB0-831A083371F1}.Release|x64.Deploy.0 = Release|x64
		{D530C435-5469-46FD-9CB0-831A083371F1}.Release|x86.ActiveCfg = Release|Win32
		{D530C435-5469-46FD-9CB0-831A083371F1}.Release|x86.Build.0 = Release|Win32
		{D530C435-5469-46FD-9CB0-831A083371F1}.Release|x86.Deploy.0 = Release|Win32
	EndGlobalSection
	GlobalSection(SolutionProperties) = preSolution
		HideSolutionNode = FALSE
	EndGlobalSection
EndGlobal
